
Microsoft Visual Studio Solution File, Format Version 12.00
# Visual Studio Version 17
VisualStudioVersion = 17.1.32210.238
MinimumVisualStudioVersion = 10.0.40219.1
Project("{9A19103F-16F7-4668-BE54-9A1E7A4F7556}") = "TextileToHTML_Parser", "TextileToHTML_Parser\TextileToHTML_Parser.csproj", "{5C3BC49A-6D41-4C8A-9DFF-AFDB45668410}"
EndProject
Project("{9A19103F-16F7-4668-BE54-9A1E7A4F7556}") = "TextileToHTML_Parser.Tests", "TextileToHTML_Parser.Tests\TextileToHTML_Parser.Tests.csproj", "{C87790F6-282B-49DB-A15A-FA76F364C924}"
EndProject
Project("{FAE04EC0-301F-11D3-BF4B-00C04F79EFBC}") = "TextileToHTML", "TextileToHTML\TextileToHTML.csproj", "{8964BAC6-FD8A-4813-A0EE-41C7249B40F7}"
EndProject
Global
	GlobalSection(SolutionConfigurationPlatforms) = preSolution
		Debug|Any CPU = Debug|Any CPU
		Release|Any CPU = Release|Any CPU
	EndGlobalSection
	GlobalSection(ProjectConfigurationPlatforms) = postSolution
		{5C3BC49A-6D41-4C8A-9DFF-AFDB45668410}.Debug|Any CPU.ActiveCfg = Debug|Any CPU
		{5C3BC49A-6D41-4C8A-9DFF-AFDB45668410}.Debug|Any CPU.Build.0 = Debug|Any CPU
		{5C3BC49A-6D41-4C8A-9DFF-AFDB45668410}.Release|Any CPU.ActiveCfg = Release|Any CPU
		{5C3BC49A-6D41-4C8A-9DFF-AFDB45668410}.Release|Any CPU.Build.0 = Release|Any CPU
		{C87790F6-282B-49DB-A15A-FA76F364C924}.Debug|Any CPU.ActiveCfg = Debug|Any CPU
		{C87790F6-282B-49DB-A15A-FA76F364C924}.Debug|Any CPU.Build.0 = Debug|Any CPU
		{C87790F6-282B-49DB-A15A-FA76F364C924}.Release|Any CPU.ActiveCfg = Release|Any CPU
		{C87790F6-282B-49DB-A15A-FA76F364C924}.Release|Any CPU.Build.0 = Release|Any CPU
		{8964BAC6-FD8A-4813-A0EE-41C7249B40F7}.Debug|Any CPU.ActiveCfg = Debug|Any CPU
		{8964BAC6-FD8A-4813-A0EE-41C7249B40F7}.Debug|Any CPU.Build.0 = Debug|Any CPU
		{8964BAC6-FD8A-4813-A0EE-41C7249B40F7}.Release|Any CPU.ActiveCfg = Release|Any CPU
		{8964BAC6-FD8A-4813-A0EE-41C7249B40F7}.Release|Any CPU.Build.0 = Release|Any CPU
	EndGlobalSection
	GlobalSection(SolutionProperties) = preSolution
		HideSolutionNode = FALSE
	EndGlobalSection
	GlobalSection(ExtensibilityGlobals) = postSolution
		SolutionGuid = {A9CE1B15-F41C-4302-9FC9-BEAEBBCB1BA2}
	EndGlobalSection
EndGlobal
